<?xml version="1.0" encoding="UTF-8" standalone="yes" ?>
<CodeBlocks_project_file>
	<FileVersion major="1" minor="6" />
	<Project>
		<Option title="DNanite" />
		<Option pch_mode="2" />
		<Option compiler="gcc" />
		<Build>
			<Target title="Debug">
				<Option output="bin/Debug/DNanite" prefix_auto="1" extension_auto="1" />
				<Option object_output="obj/Debug/" />
				<Option type="1" />
				<Option compiler="gcc" />
				<Compiler>
					<Add option="-g" />
				</Compiler>
			</Target>
			<Target title="Release">
				<Option output="bin/Release/DNanite" prefix_auto="1" extension_auto="1" />
				<Option object_output="obj/Release/" />
				<Option type="0" />
				<Option compiler="gcc" />
				<Compiler>
					<Add option="-O2" />
				</Compiler>
				<Linker>
					<Add option="-s" />
				</Linker>
			</Target>
		</Build>
		<Compiler>
			<Add option="-Wall" />
			<Add directory="C:/Program Files (x86)/CodeBlocks/SDL-1.2.15/include" />
		</Compiler>
		<Linker>
			<Add library="mingw32" />
			<Add library="SDLmain" />
			<Add library="SDL.dll" />
			<Add library="user32" />
			<Add library="gdi32" />
			<Add library="winmm" />
			<Add library="dxguid" />
			<Add library="..\..\..\..\..\..\Program Files (x86)\CodeBlocks\SDL-1.2.15\lib\SDL_image.lib" />
			<Add library="..\..\..\..\..\..\Program Files (x86)\CodeBlocks\MinGW\lib\SDL_ttf.lib" />
			<Add library="..\..\..\..\..\..\Program Files (x86)\CodeBlocks\FMOD\lib\libfmodex.a" />
			<Add library="..\..\..\..\..\..\Program Files (x86)\CodeBlocks\SDL-1.2.15\lib\sdlgfx.lib" />
			<Add directory="C:/Program Files (x86)/CodeBlocks/SDL-1.2.15/lib" />
		</Linker>
		<Unit filename="ressources/sources/Nanite.cpp" />
		<Unit filename="ressources/sources/Nanite.h" />
		<Unit filename="ressources/sources/Texte.cpp" />
		<Unit filename="ressources/sources/Texte.h" />
		<Unit filename="ressources/sources/Zone.cpp" />
		<Unit filename="ressources/sources/Zone.h" />
		<Unit filename="ressources/sources/affichage.cpp" />
		<Unit filename="ressources/sources/affichage.h" />
		<Unit filename="ressources/sources/jeu.cpp" />
		<Unit filename="ressources/sources/jeu.h" />
		<Unit filename="ressources/sources/main.cpp" />
		<Unit filename="ressources/sources/ressources.rc">
			<Option compilerVar="WINDRES" />
		</Unit>
		<Unit filename="ressources/sources/utile.cpp" />
		<Unit filename="ressources/sources/utile.h" />
		<Extensions>
			<code_completion />
			<envvars />
			<debugger />
			<lib_finder disable_auto="1" />
		</Extensions>
	</Project>
</CodeBlocks_project_file>
